// !$*UTF8*$!
{
	archiveVersion = 1;
	classes = {
	};
	objectVersion = 50;
	objects = {

/* Begin PBXBuildFile section */
		23D9EBA72136FFCB0024CEA8 /* AppDelegate.swift in Sources */ = {isa = PBXBuildFile; fileRef = 23D9EBA62136FFCB0024CEA8 /* AppDelegate.swift */; };
		23D9EBA92136FFCB0024CEA8 /* ViewController.swift in Sources */ = {isa = PBXBuildFile; fileRef = 23D9EBA82136FFCB0024CEA8 /* ViewController.swift */; };
		23D9EBAC2136FFCB0024CEA8 /* Main.storyboard in Resources */ = {isa = PBXBuildFile; fileRef = 23D9EBAA2136FFCB0024CEA8 /* Main.storyboard */; };
		23D9EBAE2136FFCF0024CEA8 /* Assets.xcassets in Resources */ = {isa = PBXBuildFile; fileRef = 23D9EBAD2136FFCF0024CEA8 /* Assets.xcassets */; };
		23D9EBB12136FFCF0024CEA8 /* LaunchScreen.storyboard in Resources */ = {isa = PBXBuildFile; fileRef = 23D9EBAF2136FFCF0024CEA8 /* LaunchScreen.storyboard */; };
		23D9EBBC2136FFCF0024CEA8 /* Tip_CalculatorTests.swift in Sources */ = {isa = PBXBuildFile; fileRef = 23D9EBBB2136FFCF0024CEA8 /* Tip_CalculatorTests.swift */; };
		23D9EBC72136FFCF0024CEA8 /* Tip_CalculatorUITests.swift in Sources */ = {isa = PBXBuildFile; fileRef = 23D9EBC62136FFCF0024CEA8 /* Tip_CalculatorUITests.swift */; };
/* End PBXBuildFile section */

/* Begin PBXContainerItemProxy section */
		23D9EBB82136FFCF0024CEA8 /* PBXContainerItemProxy */ = {
			isa = PBXContainerItemProxy;
			containerPortal = 23D9EB9B2136FFCB0024CEA8 /* Project object */;
			proxyType = 1;
			remoteGlobalIDString = 23D9EBA22136FFCB0024CEA8;
			remoteInfo = Tip_Calculator;
		};
		23D9EBC32136FFCF0024CEA8 /* PBXContainerItemProxy */ = {
			isa = PBXContainerItemProxy;
			containerPortal = 23D9EB9B2136FFCB0024CEA8 /* Project object */;
			proxyType = 1;
			remoteGlobalIDString = 23D9EBA22136FFCB0024CEA8;
			remoteInfo = Tip_Calculator;
		};
/* End PBXContainerItemProxy section */

/* Begin PBXFileReference section */
		23D9EBA32136FFCB0024CEA8 /* Tip_Calculator.app */ = {isa = PBXFileReference; explicitFileType = wrapper.application; includeInIndex = 0; path = Tip_Calculator.app; sourceTree = BUILT_PRODUCTS_DIR; };
		23D9EBA62136FFCB0024CEA8 /* AppDelegate.swift */ = {isa = PBXFileReference; lastKnownFileType = sourcecode.swift; path = AppDelegate.swift; sourceTree = "<group>"; };
		23D9EBA82136FFCB0024CEA8 /* ViewController.swift */ = {isa = PBXFileReference; lastKnownFileType = sourcecode.swift; path = ViewController.swift; sourceTree = "<group>"; };
		23D9EBAB2136FFCB0024CEA8 /* Base */ = {isa = PBXFileReference; lastKnownFileType = file.storyboard; name = Base; path = Base.lproj/Main.storyboard; sourceTree = "<group>"; };
		23D9EBAD2136FFCF0024CEA8 /* Assets.xcassets */ = {isa = PBXFileReference; lastKnownFileType = folder.assetcatalog; path = Assets.xcassets; sourceTree = "<group>"; };
		23D9EBB02136FFCF0024CEA8 /* Base */ = {isa = PBXFileReference; lastKnownFileType = file.storyboard; name = Base; path = Base.lproj/LaunchScreen.storyboard; sourceTree = "<group>"; };
		23D9EBB22136FFCF0024CEA8 /* Info.plist */ = {isa = PBXFileReference; lastKnownFileType = text.plist.xml; path = Info.plist; sourceTree = "<group>"; };
		23D9EBB72136FFCF0024CEA8 /* Tip_CalculatorTests.xctest */ = {isa = PBXFileReference; explicitFileType = wrapper.cfbundle; includeInIndex = 0; path = Tip_CalculatorTests.xctest; sourceTree = BUILT_PRODUCTS_DIR; };
		23D9EBBB2136FFCF0024CEA8 /* Tip_CalculatorTests.swift */ = {isa = PBXFileReference; lastKnownFileType = sourcecode.swift; path = Tip_CalculatorTests.swift; sourceTree = "<group>"; };
		23D9EBBD2136FFCF0024CEA8 /* Info.plist */ = {isa = PBXFileReference; lastKnownFileType = text.plist.xml; path = Info.plist; sourceTree = "<group>"; };
		23D9EBC22136FFCF0024CEA8 /* Tip_CalculatorUITests.xctest */ = {isa = PBXFileReference; explicitFileType = wrapper.cfbundle; includeInIndex = 0; path = Tip_CalculatorUITests.xctest; sourceTree = BUILT_PRODUCTS_DIR; };
		23D9EBC62136FFCF0024CEA8 /* Tip_CalculatorUITests.swift */ = {isa = PBXFileReference; lastKnownFileType = sourcecode.swift; path = Tip_CalculatorUITests.swift; sourceTree = "<group>"; };
		23D9EBC82136FFCF0024CEA8 /* Info.plist */ = {isa = PBXFileReference; lastKnownFileType = text.plist.xml; path = Info.plist; sourceTree = "<group>"; };
/* End PBXFileReference section */

/* Begin PBXFrameworksBuildPhase section */
		23D9EBA02136FFCB0024CEA8 /* Frameworks */ = {
			isa = PBXFrameworksBuildPhase;
			buildActionMask = 2147483647;
			files = (
			);
			runOnlyForDeploymentPostprocessing = 0;
		};
		23D9EBB42136FFCF0024CEA8 /* Frameworks */ = {
			isa = PBXFrameworksBuildPhase;
			buildActionMask = 2147483647;
			files = (
			);
			runOnlyForDeploymentPostprocessing = 0;
		};
		23D9EBBF2136FFCF0024CEA8 /* Frameworks */ = {
			isa = PBXFrameworksBuildPhase;
			buildActionMask = 2147483647;
			files = (
			);
			runOnlyForDeploymentPostprocessing = 0;
		};
/* End PBXFrameworksBuildPhase section */

/* Begin PBXGroup section */
		23D9EB9A2136FFCB0024CEA8 = {
			isa = PBXGroup;
			children = (
				23D9EBA52136FFCB0024CEA8 /* Tip_Calculator */,
				23D9EBBA2136FFCF0024CEA8 /* Tip_CalculatorTests */,
				23D9EBC52136FFCF0024CEA8 /* Tip_CalculatorUITests */,
				23D9EBA42136FFCB0024CEA8 /* Products */,
			);
			sourceTree = "<group>";
			usesTabs = 0;
		};
		23D9EBA42136FFCB0024CEA8 /* Products */ = {
			isa = PBXGroup;
			children = (
				23D9EBA32136FFCB0024CEA8 /* Tip_Calculator.app */,
				23D9EBB72136FFCF0024CEA8 /* Tip_CalculatorTests.xctest */,
				23D9EBC22136FFCF0024CEA8 /* Tip_CalculatorUITests.xctest */,
			);
			name = Products;
			sourceTree = "<group>";
		};
		23D9EBA52136FFCB0024CEA8 /* Tip_Calculator */ = {
			isa = PBXGroup;
			children = (
				23D9EBA62136FFCB0024CEA8 /* AppDelegate.swift */,
				23D9EBA82136FFCB0024CEA8 /* ViewController.swift */,
				23D9EBAA2136FFCB0024CEA8 /* Main.storyboard */,
				23D9EBAD2136FFCF0024CEA8 /* Assets.xcassets */,
				23D9EBAF2136FFCF0024CEA8 /* LaunchScreen.storyboard */,
				23D9EBB22136FFCF0024CEA8 /* Info.plist */,
			);
			path = Tip_Calculator;
			sourceTree = "<group>";
		};
		23D9EBBA2136FFCF0024CEA8 /* Tip_CalculatorTests */ = {
			isa = PBXGroup;
			children = (
				23D9EBBB2136FFCF0024CEA8 /* Tip_CalculatorTests.swift */,
				23D9EBBD2136FFCF0024CEA8 /* Info.plist */,
			);
			path = Tip_CalculatorTests;
			sourceTree = "<group>";
		};
		23D9EBC52136FFCF0024CEA8 /* Tip_CalculatorUITests */ = {
			isa = PBXGroup;
			children = (
				23D9EBC62136FFCF0024CEA8 /* Tip_CalculatorUITests.swift */,
				23D9EBC82136FFCF0024CEA8 /* Info.plist */,
			);
			path = Tip_CalculatorUITests;
			sourceTree = "<group>";
		};
/* End PBXGroup section */

/* Begin PBXNativeTarget section */
		23D9EBA22136FFCB0024CEA8 /* Tip_Calculator */ = {
			isa = PBXNativeTarget;
			buildConfigurationList = 23D9EBCB2136FFCF0024CEA8 /* Build configuration list for PBXNativeTarget "Tip_Calculator" */;
			buildPhases = (
				23D9EB9F2136FFCB0024CEA8 /* Sources */,
				23D9EBA02136FFCB0024CEA8 /* Frameworks */,
				23D9EBA12136FFCB0024CEA8 /* Resources */,
			);
			buildRules = (
			);
			dependencies = (
			);
			name = Tip_Calculator;
			productName = Tip_Calculator;
			productReference = 23D9EBA32136FFCB0024CEA8 /* Tip_Calculator.app */;
			productType = "com.apple.product-type.application";
		};
		23D9EBB62136FFCF0024CEA8 /* Tip_CalculatorTests */ = {
			isa = PBXNativeTarget;
			buildConfigurationList = 23D9EBCE2136FFCF0024CEA8 /* Build configuration list for PBXNativeTarget "Tip_CalculatorTests" */;
			buildPhases = (
				23D9EBB32136FFCF0024CEA8 /* Sources */,
				23D9EBB42136FFCF0024CEA8 /* Frameworks */,
				23D9EBB52136FFCF0024CEA8 /* Resources */,
			);
			buildRules = (
			);
			dependencies = (
				23D9EBB92136FFCF0024CEA8 /* PBXTargetDependency */,
			);
			name = Tip_CalculatorTests;
			productName = Tip_CalculatorTests;
			productReference = 23D9EBB72136FFCF0024CEA8 /* Tip_CalculatorTests.xctest */;
			productType = "com.apple.product-type.bundle.unit-test";
		};
		23D9EBC12136FFCF0024CEA8 /* Tip_CalculatorUITests */ = {
			isa = PBXNativeTarget;
			buildConfigurationList = 23D9EBD12136FFCF0024CEA8 /* Build configuration list for PBXNativeTarget "Tip_CalculatorUITests" */;
			buildPhases = (
				23D9EBBE2136FFCF0024CEA8 /* Sources */,
				23D9EBBF2136FFCF0024CEA8 /* Frameworks */,
				23D9EBC02136FFCF0024CEA8 /* Resources */,
			);
			buildRules = (
			);
			dependencies = (
				23D9EBC42136FFCF0024CEA8 /* PBXTargetDependency */,
			);
			name = Tip_CalculatorUITests;
			productName = Tip_CalculatorUITests;
			productReference = 23D9EBC22136FFCF0024CEA8 /* Tip_CalculatorUITests.xctest */;
			productType = "com.apple.product-type.bundle.ui-testing";
		};
/* End PBXNativeTarget section */

/* Begin PBXProject section */
		23D9EB9B2136FFCB0024CEA8 /* Project object */ = {
			isa = PBXProject;
			attributes = {
				LastSwiftUpdateCheck = 0940;
				LastUpgradeCheck = 0940;
				ORGANIZATIONNAME = user141686;
				TargetAttributes = {
					23D9EBA22136FFCB0024CEA8 = {
						CreatedOnToolsVersion = 9.4.1;
					};
					23D9EBB62136FFCF0024CEA8 = {
						CreatedOnToolsVersion = 9.4.1;
						TestTargetID = 23D9EBA22136FFCB0024CEA8;
					};
					23D9EBC12136FFCF0024CEA8 = {
						CreatedOnToolsVersion = 9.4.1;
						TestTargetID = 23D9EBA22136FFCB0024CEA8;
					};
				};
			};
			buildConfigurationList = 23D9EB9E2136FFCB0024CEA8 /* Build configuration list for PBXProject "Tip_Calculator" */;
			compatibilityVersion = "Xcode 9.3";
			developmentRegion = en;
			hasScannedForEncodings = 0;
			knownRegions = (
				en,
				Base,
			);
			mainGroup = 23D9EB9A2136FFCB0024CEA8;
			productRefGroup = 23D9EBA42136FFCB0024CEA8 /* Products */;
			projectDirPath = "";
			projectRoot = "";
			targets = (
				23D9EBA22136FFCB0024CEA8 /* Tip_Calculator */,
				23D9EBB62136FFCF0024CEA8 /* Tip_CalculatorTests */,
				23D9EBC12136FFCF0024CEA8 /* Tip_CalculatorUITests */,
			);
		};
/* End PBXProject section */

/* Begin PBXResourcesBuildPhase section */
		23D9EBA12136FFCB0024CEA8 /* Resources */ = {
			isa = PBXResourcesBuildPhase;
			buildActionMask = 2147483647;
			files = (
				23D9EBB12136FFCF0024CEA8 /* LaunchScreen.storyboard in Resources */,
				23D9EBAE2136FFCF0024CEA8 /* Assets.xcassets in Resources */,
				23D9EBAC2136FFCB0024CEA8 /* Main.storyboard in Resources */,
			);
			runOnlyForDeploymentPostprocessing = 0;
		};
		23D9EBB52136FFCF0024CEA8 /* Resources */ = {
			isa = PBXResourcesBuildPhase;
			buildActionMask = 2147483647;
			files = (
			);
			runOnlyForDeploymentPostprocessing = 0;
		};
		23D9EBC02136FFCF0024CEA8 /* Resources */ = {
			isa = PBXResourcesBuildPhase;
			buildActionMask = 2147483647;
			files = (
			);
			runOnlyForDeploymentPostprocessing = 0;
		};
/* End PBXResourcesBuildPhase section */

/* Begin PBXSourcesBuildPhase section */
		23D9EB9F2136FFCB0024CEA8 /* Sources */ = {
			isa = PBXSourcesBuildPhase;
			buildActionMask = 2147483647;
			files = (
				23D9EBA92136FFCB0024CEA8 /* ViewController.swift in Sources */,
				23D9EBA72136FFCB0024CEA8 /* AppDelegate.swift in Sources */,
			);
			runOnlyForDeploymentPostprocessing = 0;
		};
		23D9EBB32136FFCF0024CEA8 /* Sources */ = {
			isa = PBXSourcesBuildPhase;
			buildActionMask = 2147483647;
			files = (
				23D9EBBC2136FFCF0024CEA8 /* Tip_CalculatorTests.swift in Sources */,
			);
			runOnlyForDeploymentPostprocessing = 0;
		};
		23D9EBBE2136FFCF0024CEA8 /* Sources */ = {
			isa = PBXSourcesBuildPhase;
			buildActionMask = 2147483647;
			files = (
				23D9EBC72136FFCF0024CEA8 /* Tip_CalculatorUITests.swift in Sources */,
			);
			runOnlyForDeploymentPostprocessing = 0;
		};
/* End PBXSourcesBuildPhase section */

/* Begin PBXTargetDependency section */
		23D9EBB92136FFCF0024CEA8 /* PBXTargetDependency */ = {
			isa = PBXTargetDependency;
			target = 23D9EBA22136FFCB0024CEA8 /* Tip_Calculator */;
			targetProxy = 23D9EBB82136FFCF0024CEA8 /* PBXContainerItemProxy */;
		};
		23D9EBC42136FFCF0024CEA8 /* PBXTargetDependency */ = {
			isa = PBXTargetDependency;
			target = 23D9EBA22136FFCB0024CEA8 /* Tip_Calculator */;
			targetProxy = 23D9EBC32136FFCF0024CEA8 /* PBXContainerItemProxy */;
		};
/* End PBXTargetDependency section */

/* Begin PBXVariantGroup section */
		23D9EBAA2136FFCB0024CEA8 /* Main.storyboard */ = {
			isa = PBXVariantGroup;
			children = (
				23D9EBAB2136FFCB0024CEA8 /* Base */,
			);
			name = Main.storyboard;
			sourceTree = "<group>";
		};
		23D9EBAF2136FFCF0024CEA8 /* LaunchScreen.storyboard */ = {
			isa = PBXVariantGroup;
			children = (
				23D9EBB02136FFCF0024CEA8 /* Base */,
			);
			name = LaunchScreen.storyboard;
			sourceTree = "<group>";
		};
/* End PBXVariantGroup section */

/* Begin XCBuildConfiguration section */
		23D9EBC92136FFCF0024CEA8 /* Debug */ = {
			isa = XCBuildConfiguration;
			buildSettings = {
				ALWAYS_SEARCH_USER_PATHS = NO;
				CLANG_ANALYZER_NONNULL = YES;
				CLANG_ANALYZER_NUMBER_OBJECT_CONVERSION = YES_AGGRESSIVE;
				CLANG_CXX_LANGUAGE_STANDARD = "gnu++14";
				CLANG_CXX_LIBRARY = "libc++";
				CLANG_ENABLE_MODULES = YES;
				CLANG_ENABLE_OBJC_ARC = YES;
				CLANG_ENABLE_OBJC_WEAK = YES;
				CLANG_WARN_BLOCK_CAPTURE_AUTORELEASING = YES;
				CLANG_WARN_BOOL_CONVERSION = YES;
				CLANG_WARN_COMMA = YES;
				CLANG_WARN_CONSTANT_CONVERSION = YES;
				CLANG_WARN_DEPRECATED_OBJC_IMPLEMENTATIONS = YES;
				CLANG_WARN_DIRECT_OBJC_ISA_USAGE = YES_ERROR;
				CLANG_WARN_DOCUMENTATION_COMMENTS = YES;
				CLANG_WARN_EMPTY_BODY = YES;
				CLANG_WARN_ENUM_CONVERSION = YES;
				CLANG_WARN_INFINITE_RECURSION = YES;
				CLANG_WARN_INT_CONVERSION = YES;
				CLANG_WARN_NON_LITERAL_NULL_CONVERSION = YES;
				CLANG_WARN_OBJC_IMPLICIT_RETAIN_SELF = YES;
				CLANG_WARN_OBJC_LITERAL_CONVERSION = YES;
				CLANG_WARN_OBJC_ROOT_CLASS = YES_ERROR;
				CLANG_WARN_RANGE_LOOP_ANALYSIS = YES;
				CLANG_WARN_STRICT_PROTOTYPES = YES;
				CLANG_WARN_SUSPICIOUS_MOVE = YES;
				CLANG_WARN_UNGUARDED_AVAILABILITY = YES_AGGRESSIVE;
				CLANG_WARN_UNREACHABLE_CODE = YES;
				CLANG_WARN__DUPLICATE_METHOD_MATCH = YES;
				CODE_SIGN_IDENTITY = "iPhone Developer";
				COPY_PHASE_STRIP = NO;
				DEBUG_INFORMATION_FORMAT = dwarf;
				ENABLE_STRICT_OBJC_MSGSEND = YES;
				ENABLE_TESTABILITY = YES;
				GCC_C_LANGUAGE_STANDARD = gnu11;
				GCC_DYNAMIC_NO_PIC = NO;
				GCC_NO_COMMON_BLOCKS = YES;
				GCC_OPTIMIZATION_LEVEL = 0;
				GCC_PREPROCESSOR_DEFINITIONS = (
					"DEBUG=1",
					"$(inherited)",
				);
				GCC_WARN_64_TO_32_BIT_CONVERSION = YES;
				GCC_WARN_ABOUT_RETURN_TYPE = YES_ERROR;
				GCC_WARN_UNDECLARED_SELECTOR = YES;
				GCC_WARN_UNINITIALIZED_AUTOS = YES_AGGRESSIVE;
				GCC_WARN_UNUSED_FUNCTION = YES;
				GCC_WARN_UNUSED_VARIABLE = YES;
				IPHONEOS_DEPLOYMENT_TARGET = 11.4;
				MTL_ENABLE_DEBUG_INFO = YES;
				ONLY_ACTIVE_ARCH = YES;
				SDKROOT = iphoneos;
				SWIFT_ACTIVE_COMPILATION_CONDITIONS = DEBUG;
				SWIFT_OPTIMIZATION_LEVEL = "-Onone";
			};
			name = Debug;
		};
		23D9EBCA2136FFCF0024CEA8 /* Release */ = {
			isa = XCBuildConfiguration;
			buildSettings = {
				ALWAYS_SEARCH_USER_PATHS = NO;
				CLANG_ANALYZER_NONNULL = YES;
				CLANG_ANALYZER_NUMBER_OBJECT_CONVERSION = YES_AGGRESSIVE;
				CLANG_CXX_LANGUAGE_STANDARD = "gnu++14";
				CLANG_CXX_LIBRARY = "libc++";
				CLANG_ENABLE_MODULES = YES;
				CLANG_ENABLE_OBJC_ARC = YES;
				CLANG_ENABLE_OBJC_WEAK = YES;
				CLANG_WARN_BLOCK_CAPTURE_AUTORELEASING = YES;
				CLANG_WARN_BOOL_CONVERSION = YES;
				CLANG_WARN_COMMA = YES;
				CLANG_WARN_CONSTANT_CONVERSION = YES;
				CLANG_WARN_DEPRECATED_OBJC_IMPLEMENTATIONS = YES;
				CLANG_WARN_DIRECT_OBJC_ISA_USAGE = YES_ERROR;
				CLANG_WARN_DOCUMENTATION_COMMENTS = YES;
				CLANG_WARN_EMPTY_BODY = YES;
				CLANG_WARN_ENUM_CONVERSION = YES;
				CLANG_WARN_INFINITE_RECURSION = YES;
				CLANG_WARN_INT_CONVERSION = YES;
				CLANG_WARN_NON_LITERAL_NULL_CONVERSION = YES;
				CLANG_WARN_OBJC_IMPLICIT_RETAIN_SELF = YES;
				CLANG_WARN_OBJC_LITERAL_CONVERSION = YES;
				CLANG_WARN_OBJC_ROOT_CLASS = YES_ERROR;
				CLANG_WARN_RANGE_LOOP_ANALYSIS = YES;
				CLANG_WARN_STRICT_PROTOTYPES = YES;
				CLANG_WARN_SUSPICIOUS_MOVE = YES;
				CLANG_WARN_UNGUARDED_AVAILABILITY = YES_AGGRESSIVE;
				CLANG_WARN_UNREACHABLE_CODE = YES;
				CLANG_WARN__DUPLICATE_METHOD_MATCH = YES;
				CODE_SIGN_IDENTITY = "iPhone Developer";
				COPY_PHASE_STRIP = NO;
				DEBUG_INFORMATION_FORMAT = "dwarf-with-dsym";
				ENABLE_NS_ASSERTIONS = NO;
				ENABLE_STRICT_OBJC_MSGSEND = YES;
				GCC_C_LANGUAGE_STANDARD = gnu11;
				GCC_NO_COMMON_BLOCKS = YES;
				GCC_WARN_64_TO_32_BIT_CONVERSION = YES;
				GCC_WARN_ABOUT_RETURN_TYPE = YES_ERROR;
				GCC_WARN_UNDECLARED_SELECTOR = YES;
				GCC_WARN_UNINITIALIZED_AUTOS = YES_AGGRESSIVE;
				GCC_WARN_UNUSED_FUNCTION = YES;
				GCC_WARN_UNUSED_VARIABLE = YES;
				IPHONEOS_DEPLOYMENT_TARGET = 11.4;
				MTL_ENABLE_DEBUG_INFO = NO;
				SDKROOT = iphoneos;
				SWIFT_COMPILATION_MODE = wholemodule;
				SWIFT_OPTIMIZATION_LEVEL = "-O";
				VALIDATE_PRODUCT = YES;
			};
			name = Release;
		};
		23D9EBCC2136FFCF0024CEA8 /* Debug */ = {
			isa = XCBuildConfiguration;
			buildSettings = {
				ASSETCATALOG_COMPILER_APPICON_NAME = AppIcon;
				CODE_SIGN_STYLE = Automatic;
				INFOPLIST_FILE = Tip_Calculator/Info.plist;
				LD_RUNPATH_SEARCH_PATHS = (
					"$(inherited)",
					"@executable_path/Frameworks",
				);
				PRODUCT_BUNDLE_IDENTIFIER = "com.codepath.Tip-Calculator";
				PRODUCT_NAME = "$(TARGET_NAME)";
				SWIFT_VERSION = 4.0;
				TARGETED_DEVICE_FAMILY = "1,2";
			};
			name = Debug;
		};
		23D9EBCD2136FFCF0024CEA8 /* Release */ = {
			isa = XCBuildConfiguration;
			buildSettings = {
				ASSETCATALOG_COMPILER_APPICON_NAME = AppIcon;
				CODE_SIGN_STYLE = Automatic;
				INFOPLIST_FILE = Tip_Calculator/Info.plist;
				LD_RUNPATH_SEARCH_PATHS = (
					"$(inherited)",
					"@executable_path/Frameworks",
				);
				PRODUCT_BUNDLE_IDENTIFIER = "com.codepath.Tip-Calculator";
				PRODUCT_NAME = "$(TARGET_NAME)";
				SWIFT_VERSION = 4.0;
				TARGETED_DEVICE_FAMILY = "1,2";
			};
			name = Release;
		};
		23D9EBCF2136FFCF0024CEA8 /* Debug */ = {
			isa = XCBuildConfiguration;
			buildSettings = {
				ALWAYS_EMBED_SWIFT_STANDARD_LIBRARIES = YES;
				BUNDLE_LOADER = "$(TEST_HOST)";
				CODE_SIGN_STYLE = Automatic;
				INFOPLIST_FILE = Tip_CalculatorTests/Info.plist;
				LD_RUNPATH_SEARCH_PATHS = (
					"$(inherited)",
					"@executable_path/Frameworks",
					"@loader_path/Frameworks",
				);
				PRODUCT_BUNDLE_IDENTIFIER = "com.codepath.Tip-CalculatorTests";
				PRODUCT_NAME = "$(TARGET_NAME)";
				SWIFT_VERSION = 4.0;
				TARGETED_DEVICE_FAMILY = "1,2";
				TEST_HOST = "$(BUILT_PRODUCTS_DIR)/Tip_Calculator.app/Tip_Calculator";
			};
			name = Debug;
		};
		23D9EBD02136FFCF0024CEA8 /* Release */ = {
			isa = XCBuildConfiguration;
			buildSettings = {
				ALWAYS_EMBED_SWIFT_STANDARD_LIBRARIES = YES;
				BUNDLE_LOADER = "$(TEST_HOST)";
				CODE_SIGN_STYLE = Automatic;
				INFOPLIST_FILE = Tip_CalculatorTests/Info.plist;
				LD_RUNPATH_SEARCH_PATHS = (
					"$(inherited)",
					"@executable_path/Frameworks",
					"@loader_path/Frameworks",
				);
				PRODUCT_BUNDLE_IDENTIFIER = "com.codepath.Tip-CalculatorTests";
				PRODUCT_NAME = "$(TARGET_NAME)";
				SWIFT_VERSION = 4.0;
				TARGETED_DEVICE_FAMILY = "1,2";
				TEST_HOST = "$(BUILT_PRODUCTS_DIR)/Tip_Calculator.app/Tip_Calculator";
			};
			name = Release;
		};
		23D9EBD22136FFCF0024CEA8 /* Debug */ = {
			isa = XCBuildConfiguration;
			buildSettings = {
				ALWAYS_EMBED_SWIFT_STANDARD_LIBRARIES = YES;
				CODE_SIGN_STYLE = Automatic;
				INFOPLIST_FILE = Tip_CalculatorUITests/Info.plist;
				LD_RUNPATH_SEARCH_PATHS = (
					"$(inherited)",
					"@executable_path/Frameworks",
					"@loader_path/Frameworks",
				);
				PRODUCT_BUNDLE_IDENTIFIER = "com.codepath.Tip-CalculatorUITests";
				PRODUCT_NAME = "$(TARGET_NAME)";
				SWIFT_VERSION = 4.0;
				TARGETED_DEVICE_FAMILY = "1,2";
				TEST_TARGET_NAME = Tip_Calculator;
			};
			name = Debug;
		};
		23D9EBD32136FFCF0024CEA8 /* Release */ = {
			isa = XCBuildConfiguration;
			buildSettings = {
				ALWAYS_EMBED_SWIFT_STANDARD_LIBRARIES = YES;
				CODE_SIGN_STYLE = Automatic;
				INFOPLIST_FILE = Tip_CalculatorUITests/Info.plist;
				LD_RUNPATH_SEARCH_PATHS = (
					"$(inherited)",
					"@executable_path/Frameworks",
					"@loader_path/Frameworks",
				);
				PRODUCT_BUNDLE_IDENTIFIER = "com.codepath.Tip-CalculatorUITests";
				PRODUCT_NAME = "$(TARGET_NAME)";
				SWIFT_VERSION = 4.0;
				TARGETED_DEVICE_FAMILY = "1,2";
				TEST_TARGET_NAME = Tip_Calculator;
			};
			name = Release;
		};
/* End XCBuildConfiguration section */

/* Begin XCConfigurationList section */
		23D9EB9E2136FFCB0024CEA8 /* Build configuration list for PBXProject "Tip_Calculator" */ = {
			isa = XCConfigurationList;
			buildConfigurations = (
				23D9EBC92136FFCF0024CEA8 /* Debug */,
				23D9EBCA2136FFCF0024CEA8 /* Release */,
			);
			defaultConfigurationIsVisible = 0;
			defaultConfigurationName = Release;
		};
		23D9EBCB2136FFCF0024CEA8 /* Build configuration list for PBXNativeTarget "Tip_Calculator" */ = {
			isa = XCConfigurationList;
			buildConfigurations = (
				23D9EBCC2136FFCF0024CEA8 /* Debug */,
				23D9EBCD2136FFCF0024CEA8 /* Release */,
			);
			defaultConfigurationIsVisible = 0;
			defaultConfigurationName = Release;
		};
		23D9EBCE2136FFCF0024CEA8 /* Build configuration list for PBXNativeTarget "Tip_CalculatorTests" */ = {
			isa = XCConfigurationList;
			buildConfigurations = (
				23D9EBCF2136FFCF0024CEA8 /* Debug */,
				23D9EBD02136FFCF0024CEA8 /* Release */,
			);
			defaultConfigurationIsVisible = 0;
			defaultConfigurationName = Release;
		};
		23D9EBD12136FFCF0024CEA8 /* Build configuration list for PBXNativeTarget "Tip_CalculatorUITests" */ = {
			isa = XCConfigurationList;
			buildConfigurations = (
				23D9EBD22136FFCF0024CEA8 /* Debug */,
				23D9EBD32136FFCF0024CEA8 /* Release */,
			);
			defaultConfigurationIsVisible = 0;
			defaultConfigurationName = Release;
		};
/* End XCConfigurationList section */
	};
	rootObject = 23D9EB9B2136FFCB0024CEA8 /* Project object */;
}
